// !$*UTF8*$!
{
	archiveVersion = 1;
	classes = {
	};
	objectVersion = 56;
	objects = {

/* Begin PBXBuildFile section */
		2F80C78B2994E2BD00184398 /* HomeViewController.swift in Sources */ = {isa = PBXBuildFile; fileRef = 2F80C78A2994E2BD00184398 /* HomeViewController.swift */; };
		2F80C78D2994E3C400184398 /* UIButton.swift in Sources */ = {isa = PBXBuildFile; fileRef = 2F80C78C2994E3C400184398 /* UIButton.swift */; };
		2F80C78F2995741D00184398 /* UIViewController.swift in Sources */ = {isa = PBXBuildFile; fileRef = 2F80C78E2995741D00184398 /* UIViewController.swift */; };
		2F80C7912995759000184398 /* BaseViewController.swift in Sources */ = {isa = PBXBuildFile; fileRef = 2F80C7902995759000184398 /* BaseViewController.swift */; };
		2F80C79329957DD300184398 /* VideoViewController.swift in Sources */ = {isa = PBXBuildFile; fileRef = 2F80C79229957DD300184398 /* VideoViewController.swift */; };
		2F80C79529957E1E00184398 /* MyRecordViewController.swift in Sources */ = {isa = PBXBuildFile; fileRef = 2F80C79429957E1E00184398 /* MyRecordViewController.swift */; };
		2F80C79829957FBB00184398 /* ChartTableViewCell.swift in Sources */ = {isa = PBXBuildFile; fileRef = 2F80C79629957FBB00184398 /* ChartTableViewCell.swift */; };
		2F80C79929957FBB00184398 /* ChartTableViewCell.xib in Resources */ = {isa = PBXBuildFile; fileRef = 2F80C79729957FBB00184398 /* ChartTableViewCell.xib */; };
		2F80C79B2995836100184398 /* Chart.swift in Sources */ = {isa = PBXBuildFile; fileRef = 2F80C79A2995836100184398 /* Chart.swift */; };
		2F80C79D29958D3900184398 /* Search.swift in Sources */ = {isa = PBXBuildFile; fileRef = 2F80C79C29958D3900184398 /* Search.swift */; };
		2F80C7A02995931200184398 /* SearchTableViewCell.swift in Sources */ = {isa = PBXBuildFile; fileRef = 2F80C79E2995931200184398 /* SearchTableViewCell.swift */; };
		2F80C7A12995931200184398 /* SearchTableViewCell.xib in Resources */ = {isa = PBXBuildFile; fileRef = 2F80C79F2995931200184398 /* SearchTableViewCell.xib */; };
		2F80C7A329959E4B00184398 /* LessonVideoViewController.swift in Sources */ = {isa = PBXBuildFile; fileRef = 2F80C7A229959E4B00184398 /* LessonVideoViewController.swift */; };
		2F80C7B6299A567700184398 /* VocalLessonViewController.swift in Sources */ = {isa = PBXBuildFile; fileRef = 2F80C7B5299A567700184398 /* VocalLessonViewController.swift */; };
		2F80C7B8299A60B100184398 /* Device.swift in Sources */ = {isa = PBXBuildFile; fileRef = 2F80C7B7299A60B100184398 /* Device.swift */; };
		2F80C7BB299A89C800184398 /* Lyrics.swift in Sources */ = {isa = PBXBuildFile; fileRef = 2F80C7BA299A89C800184398 /* Lyrics.swift */; };
		2F80C7BF299A8F2700184398 /* Fine.mp3 in Resources */ = {isa = PBXBuildFile; fileRef = 2F80C7BE299A8F2700184398 /* Fine.mp3 */; };
		2F80C7C2299B67D600184398 /* AudioController.swift in Sources */ = {isa = PBXBuildFile; fileRef = 2F80C7C1299B67D600184398 /* AudioController.swift */; };
		2F80C7C5299B70CA00184398 /* new_model.mlpackage in Sources */ = {isa = PBXBuildFile; fileRef = 2F80C7C4299B70CA00184398 /* new_model.mlpackage */; };
		2FC5F70429928E0D00631F1A /* UIFont.swift in Sources */ = {isa = PBXBuildFile; fileRef = 2FC5F70329928E0D00631F1A /* UIFont.swift */; };
		2FC5F7062993863000631F1A /* SearchViewController.swift in Sources */ = {isa = PBXBuildFile; fileRef = 2FC5F7052993863000631F1A /* SearchViewController.swift */; };
		2FF3894C29926BD50034729D /* AppDelegate.swift in Sources */ = {isa = PBXBuildFile; fileRef = 2FF3894B29926BD50034729D /* AppDelegate.swift */; };
		2FF3894E29926BD50034729D /* SceneDelegate.swift in Sources */ = {isa = PBXBuildFile; fileRef = 2FF3894D29926BD50034729D /* SceneDelegate.swift */; };
		2FF3895329926BD50034729D /* MainStoryboard.storyboard in Resources */ = {isa = PBXBuildFile; fileRef = 2FF3895129926BD50034729D /* MainStoryboard.storyboard */; };
		2FF3895529926BD70034729D /* Assets.xcassets in Resources */ = {isa = PBXBuildFile; fileRef = 2FF3895429926BD70034729D /* Assets.xcassets */; };
		2FF3895829926BD70034729D /* LaunchScreen.storyboard in Resources */ = {isa = PBXBuildFile; fileRef = 2FF3895629926BD70034729D /* LaunchScreen.storyboard */; };
		2FF38966299272930034729D /* Constant.swift in Sources */ = {isa = PBXBuildFile; fileRef = 2FF38965299272930034729D /* Constant.swift */; };
		2FF3896A29927B580034729D /* HomeStoryboard.storyboard in Resources */ = {isa = PBXBuildFile; fileRef = 2FF3896929927B580034729D /* HomeStoryboard.storyboard */; };
		2FF3896E29927B860034729D /* SettingStoryboard.storyboard in Resources */ = {isa = PBXBuildFile; fileRef = 2FF3896D29927B860034729D /* SettingStoryboard.storyboard */; };
		2FF3897129927BD20034729D /* MyRecordStoryboard.storyboard in Resources */ = {isa = PBXBuildFile; fileRef = 2FF3897029927BD20034729D /* MyRecordStoryboard.storyboard */; };
		2FF3897429927BFA0034729D /* SearchStoryboard.storyboard in Resources */ = {isa = PBXBuildFile; fileRef = 2FF3897329927BFA0034729D /* SearchStoryboard.storyboard */; };
		2FF3897729927C300034729D /* VideoStoryboard.storyboard in Resources */ = {isa = PBXBuildFile; fileRef = 2FF3897629927C300034729D /* VideoStoryboard.storyboard */; };
/* End PBXBuildFile section */

/* Begin PBXFileReference section */
		2F80C78A2994E2BD00184398 /* HomeViewController.swift */ = {isa = PBXFileReference; lastKnownFileType = sourcecode.swift; path = HomeViewController.swift; sourceTree = "<group>"; };
		2F80C78C2994E3C400184398 /* UIButton.swift */ = {isa = PBXFileReference; lastKnownFileType = sourcecode.swift; path = UIButton.swift; sourceTree = "<group>"; };
		2F80C78E2995741D00184398 /* UIViewController.swift */ = {isa = PBXFileReference; lastKnownFileType = sourcecode.swift; path = UIViewController.swift; sourceTree = "<group>"; };
		2F80C7902995759000184398 /* BaseViewController.swift */ = {isa = PBXFileReference; lastKnownFileType = sourcecode.swift; path = BaseViewController.swift; sourceTree = "<group>"; };
		2F80C79229957DD300184398 /* VideoViewController.swift */ = {isa = PBXFileReference; lastKnownFileType = sourcecode.swift; path = VideoViewController.swift; sourceTree = "<group>"; };
		2F80C79429957E1E00184398 /* MyRecordViewController.swift */ = {isa = PBXFileReference; lastKnownFileType = sourcecode.swift; path = MyRecordViewController.swift; sourceTree = "<group>"; };
		2F80C79629957FBB00184398 /* ChartTableViewCell.swift */ = {isa = PBXFileReference; lastKnownFileType = sourcecode.swift; path = ChartTableViewCell.swift; sourceTree = "<group>"; };
		2F80C79729957FBB00184398 /* ChartTableViewCell.xib */ = {isa = PBXFileReference; lastKnownFileType = file.xib; path = ChartTableViewCell.xib; sourceTree = "<group>"; };
		2F80C79A2995836100184398 /* Chart.swift */ = {isa = PBXFileReference; lastKnownFileType = sourcecode.swift; path = Chart.swift; sourceTree = "<group>"; };
		2F80C79C29958D3900184398 /* Search.swift */ = {isa = PBXFileReference; lastKnownFileType = sourcecode.swift; path = Search.swift; sourceTree = "<group>"; };
		2F80C79E2995931200184398 /* SearchTableViewCell.swift */ = {isa = PBXFileReference; lastKnownFileType = sourcecode.swift; path = SearchTableViewCell.swift; sourceTree = "<group>"; };
		2F80C79F2995931200184398 /* SearchTableViewCell.xib */ = {isa = PBXFileReference; lastKnownFileType = file.xib; path = SearchTableViewCell.xib; sourceTree = "<group>"; };
		2F80C7A229959E4B00184398 /* LessonVideoViewController.swift */ = {isa = PBXFileReference; lastKnownFileType = sourcecode.swift; path = LessonVideoViewController.swift; sourceTree = "<group>"; };
		2F80C7B5299A567700184398 /* VocalLessonViewController.swift */ = {isa = PBXFileReference; lastKnownFileType = sourcecode.swift; path = VocalLessonViewController.swift; sourceTree = "<group>"; };
		2F80C7B7299A60B100184398 /* Device.swift */ = {isa = PBXFileReference; lastKnownFileType = sourcecode.swift; path = Device.swift; sourceTree = "<group>"; };
		2F80C7BA299A89C800184398 /* Lyrics.swift */ = {isa = PBXFileReference; lastKnownFileType = sourcecode.swift; path = Lyrics.swift; sourceTree = "<group>"; };
		2F80C7BE299A8F2700184398 /* Fine.mp3 */ = {isa = PBXFileReference; lastKnownFileType = audio.mp3; path = Fine.mp3; sourceTree = "<group>"; };
		2F80C7C1299B67D600184398 /* AudioController.swift */ = {isa = PBXFileReference; lastKnownFileType = sourcecode.swift; path = AudioController.swift; sourceTree = "<group>"; };
		2F80C7C4299B70CA00184398 /* new_model.mlpackage */ = {isa = PBXFileReference; lastKnownFileType = folder.mlpackage; path = new_model.mlpackage; sourceTree = "<group>"; };
		2FC5F70229928CC000631F1A /* Iceland-Regular.ttf */ = {isa = PBXFileReference; lastKnownFileType = file; path = "Iceland-Regular.ttf"; sourceTree = "<group>"; };
		2FC5F70329928E0D00631F1A /* UIFont.swift */ = {isa = PBXFileReference; lastKnownFileType = sourcecode.swift; path = UIFont.swift; sourceTree = "<group>"; };
		2FC5F7052993863000631F1A /* SearchViewController.swift */ = {isa = PBXFileReference; lastKnownFileType = sourcecode.swift; path = SearchViewController.swift; sourceTree = "<group>"; };
		2FC5F7072993987C00631F1A /* Inter-Regular.otf */ = {isa = PBXFileReference; lastKnownFileType = file; path = "Inter-Regular.otf"; sourceTree = "<group>"; };
		2FF3894829926BD50034729D /* ProgresSing.app */ = {isa = PBXFileReference; explicitFileType = wrapper.application; includeInIndex = 0; path = ProgresSing.app; sourceTree = BUILT_PRODUCTS_DIR; };
		2FF3894B29926BD50034729D /* AppDelegate.swift */ = {isa = PBXFileReference; lastKnownFileType = sourcecode.swift; path = AppDelegate.swift; sourceTree = "<group>"; };
		2FF3894D29926BD50034729D /* SceneDelegate.swift */ = {isa = PBXFileReference; lastKnownFileType = sourcecode.swift; path = SceneDelegate.swift; sourceTree = "<group>"; };
		2FF3895229926BD50034729D /* Base */ = {isa = PBXFileReference; lastKnownFileType = file.storyboard; name = Base; path = Base.lproj/MainStoryboard.storyboard; sourceTree = "<group>"; };
		2FF3895429926BD70034729D /* Assets.xcassets */ = {isa = PBXFileReference; lastKnownFileType = folder.assetcatalog; path = Assets.xcassets; sourceTree = "<group>"; };
		2FF3895729926BD70034729D /* Base */ = {isa = PBXFileReference; lastKnownFileType = file.storyboard; name = Base; path = Base.lproj/LaunchScreen.storyboard; sourceTree = "<group>"; };
		2FF3895929926BD70034729D /* Info.plist */ = {isa = PBXFileReference; lastKnownFileType = text.plist.xml; path = Info.plist; sourceTree = "<group>"; };
		2FF38965299272930034729D /* Constant.swift */ = {isa = PBXFileReference; lastKnownFileType = sourcecode.swift; path = Constant.swift; sourceTree = "<group>"; };
		2FF3896929927B580034729D /* HomeStoryboard.storyboard */ = {isa = PBXFileReference; lastKnownFileType = file.storyboard; path = HomeStoryboard.storyboard; sourceTree = "<group>"; };
		2FF3896D29927B860034729D /* SettingStoryboard.storyboard */ = {isa = PBXFileReference; lastKnownFileType = file.storyboard; path = SettingStoryboard.storyboard; sourceTree = "<group>"; };
		2FF3897029927BD20034729D /* MyRecordStoryboard.storyboard */ = {isa = PBXFileReference; lastKnownFileType = file.storyboard; path = MyRecordStoryboard.storyboard; sourceTree = "<group>"; };
		2FF3897329927BFA0034729D /* SearchStoryboard.storyboard */ = {isa = PBXFileReference; lastKnownFileType = file.storyboard; path = SearchStoryboard.storyboard; sourceTree = "<group>"; };
		2FF3897629927C300034729D /* VideoStoryboard.storyboard */ = {isa = PBXFileReference; lastKnownFileType = file.storyboard; path = VideoStoryboard.storyboard; sourceTree = "<group>"; };
/* End PBXFileReference section */

/* Begin PBXFrameworksBuildPhase section */
		2FF3894529926BD50034729D /* Frameworks */ = {
			isa = PBXFrameworksBuildPhase;
			buildActionMask = 2147483647;
			files = (
			);
			runOnlyForDeploymentPostprocessing = 0;
		};
/* End PBXFrameworksBuildPhase section */

/* Begin PBXGroup section */
		2F80C7B9299A895400184398 /* VocalLesson */ = {
			isa = PBXGroup;
			children = (
				2F80C7C0299B67AE00184398 /* Audio */,
				2F80C7B5299A567700184398 /* VocalLessonViewController.swift */,
				2F80C7BA299A89C800184398 /* Lyrics.swift */,
			);
			path = VocalLesson;
			sourceTree = "<group>";
		};
		2F80C7BD299A8F0400184398 /* Audio */ = {
			isa = PBXGroup;
			children = (
				2F80C7BE299A8F2700184398 /* Fine.mp3 */,
			);
			path = Audio;
			sourceTree = "<group>";
		};
		2F80C7C0299B67AE00184398 /* Audio */ = {
			isa = PBXGroup;
			children = (
				2F80C7C1299B67D600184398 /* AudioController.swift */,
			);
			path = Audio;
			sourceTree = "<group>";
		};
		2F80C7C3299B70AC00184398 /* AIModel */ = {
			isa = PBXGroup;
			children = (
				2F80C7C4299B70CA00184398 /* new_model.mlpackage */,
			);
			path = AIModel;
			sourceTree = "<group>";
		};
		2FF3893F29926BD50034729D = {
			isa = PBXGroup;
			children = (
				2FF3894A29926BD50034729D /* ProgresSing */,
				2FF3894929926BD50034729D /* Products */,
			);
			sourceTree = "<group>";
		};
		2FF3894929926BD50034729D /* Products */ = {
			isa = PBXGroup;
			children = (
				2FF3894829926BD50034729D /* ProgresSing.app */,
			);
			name = Products;
			sourceTree = "<group>";
		};
		2FF3894A29926BD50034729D /* ProgresSing */ = {
			isa = PBXGroup;
			children = (
				2FF3895F2992721E0034729D /* Configuration */,
				2FF38960299272290034729D /* Util */,
				2FF389612992723B0034729D /* Source */,
				2FF3894B29926BD50034729D /* AppDelegate.swift */,
				2FF3894D29926BD50034729D /* SceneDelegate.swift */,
				2FF3895429926BD70034729D /* Assets.xcassets */,
				2FF3895629926BD70034729D /* LaunchScreen.storyboard */,
				2FF3895929926BD70034729D /* Info.plist */,
			);
			path = ProgresSing;
			sourceTree = "<group>";
		};
		2FF3895F2992721E0034729D /* Configuration */ = {
			isa = PBXGroup;
			children = (
				2FF38965299272930034729D /* Constant.swift */,
				2F80C7C3299B70AC00184398 /* AIModel */,
				2F80C7BD299A8F0400184398 /* Audio */,
				2FF38962299272590034729D /* Secret */,
				2FF38964299272700034729D /* Font */,
				2FF38963299272620034729D /* Base */,
			);
			path = Configuration;
			sourceTree = "<group>";
		};
		2FF38960299272290034729D /* Util */ = {
			isa = PBXGroup;
			children = (
				2F80C7B7299A60B100184398 /* Device.swift */,
				2FF389672992729F0034729D /* Extension */,
			);
			path = Util;
			sourceTree = "<group>";
		};
		2FF389612992723B0034729D /* Source */ = {
			isa = PBXGroup;
			children = (
				2FF3895129926BD50034729D /* MainStoryboard.storyboard */,
				2FF38968299272C40034729D /* Main */,
			);
			path = Source;
			sourceTree = "<group>";
		};
		2FF38962299272590034729D /* Secret */ = {
			isa = PBXGroup;
			children = (
			);
			path = Secret;
			sourceTree = "<group>";
		};
		2FF38963299272620034729D /* Base */ = {
			isa = PBXGroup;
			children = (
				2F80C7902995759000184398 /* BaseViewController.swift */,
			);
			path = Base;
			sourceTree = "<group>";
		};
		2FF38964299272700034729D /* Font */ = {
			isa = PBXGroup;
			children = (
				2FC5F7072993987C00631F1A /* Inter-Regular.otf */,
				2FC5F70229928CC000631F1A /* Iceland-Regular.ttf */,
			);
			path = Font;
			sourceTree = "<group>";
		};
		2FF389672992729F0034729D /* Extension */ = {
			isa = PBXGroup;
			children = (
				2FC5F70329928E0D00631F1A /* UIFont.swift */,
				2F80C78C2994E3C400184398 /* UIButton.swift */,
				2F80C78E2995741D00184398 /* UIViewController.swift */,
			);
			path = Extension;
			sourceTree = "<group>";
		};
		2FF38968299272C40034729D /* Main */ = {
			isa = PBXGroup;
			children = (
				2FF3896B29927B600034729D /* Home */,
				2FF3897529927BFF0034729D /* Video */,
				2FF3897229927BD80034729D /* Search */,
				2FF3896F29927BBF0034729D /* MyRecord */,
				2FF3896C29927B6F0034729D /* Setting */,
			);
			path = Main;
			sourceTree = "<group>";
		};
		2FF3896B29927B600034729D /* Home */ = {
			isa = PBXGroup;
			children = (
				2FF3896929927B580034729D /* HomeStoryboard.storyboard */,
				2F80C78A2994E2BD00184398 /* HomeViewController.swift */,
				2F80C7A229959E4B00184398 /* LessonVideoViewController.swift */,
			);
			path = Home;
			sourceTree = "<group>";
		};
		2FF3896C29927B6F0034729D /* Setting */ = {
			isa = PBXGroup;
			children = (
				2FF3896D29927B860034729D /* SettingStoryboard.storyboard */,
			);
			path = Setting;
			sourceTree = "<group>";
		};
		2FF3896F29927BBF0034729D /* MyRecord */ = {
			isa = PBXGroup;
			children = (
				2FF3897029927BD20034729D /* MyRecordStoryboard.storyboard */,
				2F80C79429957E1E00184398 /* MyRecordViewController.swift */,
			);
			path = MyRecord;
			sourceTree = "<group>";
		};
		2FF3897229927BD80034729D /* Search */ = {
			isa = PBXGroup;
			children = (
				2F80C7B9299A895400184398 /* VocalLesson */,
				2FF3897329927BFA0034729D /* SearchStoryboard.storyboard */,
				2FC5F7052993863000631F1A /* SearchViewController.swift */,
				2F80C79E2995931200184398 /* SearchTableViewCell.swift */,
				2F80C79F2995931200184398 /* SearchTableViewCell.xib */,
				2F80C79C29958D3900184398 /* Search.swift */,
			);
			path = Search;
			sourceTree = "<group>";
		};
		2FF3897529927BFF0034729D /* Video */ = {
			isa = PBXGroup;
			children = (
				2FF3897629927C300034729D /* VideoStoryboard.storyboard */,
				2F80C79229957DD300184398 /* VideoViewController.swift */,
				2F80C79629957FBB00184398 /* ChartTableViewCell.swift */,
				2F80C79729957FBB00184398 /* ChartTableViewCell.xib */,
				2F80C79A2995836100184398 /* Chart.swift */,
			);
			path = Video;
			sourceTree = "<group>";
		};
/* End PBXGroup section */

/* Begin PBXNativeTarget section */
		2FF3894729926BD50034729D /* ProgresSing */ = {
			isa = PBXNativeTarget;
			buildConfigurationList = 2FF3895C29926BD70034729D /* Build configuration list for PBXNativeTarget "ProgresSing" */;
			buildPhases = (
				2FF3894429926BD50034729D /* Sources */,
				2FF3894529926BD50034729D /* Frameworks */,
				2FF3894629926BD50034729D /* Resources */,
			);
			buildRules = (
			);
			dependencies = (
			);
			name = ProgresSing;
			productName = Javis;
			productReference = 2FF3894829926BD50034729D /* ProgresSing.app */;
			productType = "com.apple.product-type.application";
		};
/* End PBXNativeTarget section */

/* Begin PBXProject section */
		2FF3894029926BD50034729D /* Project object */ = {
			isa = PBXProject;
			attributes = {
				BuildIndependentTargetsInParallel = 1;
				LastSwiftUpdateCheck = 1420;
				LastUpgradeCheck = 1420;
				TargetAttributes = {
					2FF3894729926BD50034729D = {
						CreatedOnToolsVersion = 14.2;
					};
				};
			};
			buildConfigurationList = 2FF3894329926BD50034729D /* Build configuration list for PBXProject "ProgresSing" */;
			compatibilityVersion = "Xcode 14.0";
			developmentRegion = en;
			hasScannedForEncodings = 0;
			knownRegions = (
				en,
				Base,
			);
			mainGroup = 2FF3893F29926BD50034729D;
			productRefGroup = 2FF3894929926BD50034729D /* Products */;
			projectDirPath = "";
			projectRoot = "";
			targets = (
				2FF3894729926BD50034729D /* ProgresSing */,
			);
		};
/* End PBXProject section */

/* Begin PBXResourcesBuildPhase section */
		2FF3894629926BD50034729D /* Resources */ = {
			isa = PBXResourcesBuildPhase;
			buildActionMask = 2147483647;
			files = (
				2FF3897429927BFA0034729D /* SearchStoryboard.storyboard in Resources */,
				2FF3897729927C300034729D /* VideoStoryboard.storyboard in Resources */,
				2FF3895829926BD70034729D /* LaunchScreen.storyboard in Resources */,
				2FF3895529926BD70034729D /* Assets.xcassets in Resources */,
				2FF3896A29927B580034729D /* HomeStoryboard.storyboard in Resources */,
				2F80C79929957FBB00184398 /* ChartTableViewCell.xib in Resources */,
				2FF3895329926BD50034729D /* MainStoryboard.storyboard in Resources */,
				2FF3897129927BD20034729D /* MyRecordStoryboard.storyboard in Resources */,
				2FF3896E29927B860034729D /* SettingStoryboard.storyboard in Resources */,
				2F80C7A12995931200184398 /* SearchTableViewCell.xib in Resources */,
				2F80C7BF299A8F2700184398 /* Fine.mp3 in Resources */,
			);
			runOnlyForDeploymentPostprocessing = 0;
		};
/* End PBXResourcesBuildPhase section */

/* Begin PBXSourcesBuildPhase section */
		2FF3894429926BD50034729D /* Sources */ = {
			isa = PBXSourcesBuildPhase;
			buildActionMask = 2147483647;
			files = (
				2F80C79829957FBB00184398 /* ChartTableViewCell.swift in Sources */,
				2F80C7BB299A89C800184398 /* Lyrics.swift in Sources */,
				2FC5F7062993863000631F1A /* SearchViewController.swift in Sources */,
				2FF3894C29926BD50034729D /* AppDelegate.swift in Sources */,
				2F80C7B8299A60B100184398 /* Device.swift in Sources */,
				2F80C78D2994E3C400184398 /* UIButton.swift in Sources */,
				2F80C7A329959E4B00184398 /* LessonVideoViewController.swift in Sources */,
				2FF3894E29926BD50034729D /* SceneDelegate.swift in Sources */,
				2FC5F70429928E0D00631F1A /* UIFont.swift in Sources */,
				2F80C79529957E1E00184398 /* MyRecordViewController.swift in Sources */,
				2F80C7C2299B67D600184398 /* AudioController.swift in Sources */,
				2F80C79B2995836100184398 /* Chart.swift in Sources */,
				2F80C7912995759000184398 /* BaseViewController.swift in Sources */,
				2F80C7A02995931200184398 /* SearchTableViewCell.swift in Sources */,
				2F80C78B2994E2BD00184398 /* HomeViewController.swift in Sources */,
				2F80C7C5299B70CA00184398 /* new_model.mlpackage in Sources */,
				2F80C78F2995741D00184398 /* UIViewController.swift in Sources */,
				2F80C79329957DD300184398 /* VideoViewController.swift in Sources */,
				2FF38966299272930034729D /* Constant.swift in Sources */,
				2F80C79D29958D3900184398 /* Search.swift in Sources */,
				2F80C7B6299A567700184398 /* VocalLessonViewController.swift in Sources */,
			);
			runOnlyForDeploymentPostprocessing = 0;
		};
/* End PBXSourcesBuildPhase section */

/* Begin PBXVariantGroup section */
		2FF3895129926BD50034729D /* MainStoryboard.storyboard */ = {
			isa = PBXVariantGroup;
			children = (
				2FF3895229926BD50034729D /* Base */,
			);
			name = MainStoryboard.storyboard;
			sourceTree = "<group>";
		};
		2FF3895629926BD70034729D /* LaunchScreen.storyboard */ = {
			isa = PBXVariantGroup;
			children = (
				2FF3895729926BD70034729D /* Base */,
			);
			name = LaunchScreen.storyboard;
			sourceTree = "<group>";
		};
/* End PBXVariantGroup section */

/* Begin XCBuildConfiguration section */
		2FF3895A29926BD70034729D /* Debug */ = {
			isa = XCBuildConfiguration;
			buildSettings = {
				ALWAYS_SEARCH_USER_PATHS = NO;
				CLANG_ANALYZER_NONNULL = YES;
				CLANG_ANALYZER_NUMBER_OBJECT_CONVERSION = YES_AGGRESSIVE;
				CLANG_CXX_LANGUAGE_STANDARD = "gnu++20";
				CLANG_ENABLE_MODULES = YES;
				CLANG_ENABLE_OBJC_ARC = YES;
				CLANG_ENABLE_OBJC_WEAK = YES;
				CLANG_WARN_BLOCK_CAPTURE_AUTORELEASING = YES;
				CLANG_WARN_BOOL_CONVERSION = YES;
				CLANG_WARN_COMMA = YES;
				CLANG_WARN_CONSTANT_CONVERSION = YES;
				CLANG_WARN_DEPRECATED_OBJC_IMPLEMENTATIONS = YES;
				CLANG_WARN_DIRECT_OBJC_ISA_USAGE = YES_ERROR;
				CLANG_WARN_DOCUMENTATION_COMMENTS = YES;
				CLANG_WARN_EMPTY_BODY = YES;
				CLANG_WARN_ENUM_CONVERSION = YES;
				CLANG_WARN_INFINITE_RECURSION = YES;
				CLANG_WARN_INT_CONVERSION = YES;
				CLANG_WARN_NON_LITERAL_NULL_CONVERSION = YES;
				CLANG_WARN_OBJC_IMPLICIT_RETAIN_SELF = YES;
				CLANG_WARN_OBJC_LITERAL_CONVERSION = YES;
				CLANG_WARN_OBJC_ROOT_CLASS = YES_ERROR;
				CLANG_WARN_QUOTED_INCLUDE_IN_FRAMEWORK_HEADER = YES;
				CLANG_WARN_RANGE_LOOP_ANALYSIS = YES;
				CLANG_WARN_STRICT_PROTOTYPES = YES;
				CLANG_WARN_SUSPICIOUS_MOVE = YES;
				CLANG_WARN_UNGUARDED_AVAILABILITY = YES_AGGRESSIVE;
				CLANG_WARN_UNREACHABLE_CODE = YES;
				CLANG_WARN__DUPLICATE_METHOD_MATCH = YES;
				COPY_PHASE_STRIP = NO;
				DEBUG_INFORMATION_FORMAT = dwarf;
				ENABLE_STRICT_OBJC_MSGSEND = YES;
				ENABLE_TESTABILITY = YES;
				GCC_C_LANGUAGE_STANDARD = gnu11;
				GCC_DYNAMIC_NO_PIC = NO;
				GCC_NO_COMMON_BLOCKS = YES;
				GCC_OPTIMIZATION_LEVEL = 0;
				GCC_PREPROCESSOR_DEFINITIONS = (
					"DEBUG=1",
					"$(inherited)",
				);
				GCC_WARN_64_TO_32_BIT_CONVERSION = YES;
				GCC_WARN_ABOUT_RETURN_TYPE = YES_ERROR;
				GCC_WARN_UNDECLARED_SELECTOR = YES;
				GCC_WARN_UNINITIALIZED_AUTOS = YES_AGGRESSIVE;
				GCC_WARN_UNUSED_FUNCTION = YES;
				GCC_WARN_UNUSED_VARIABLE = YES;
				IPHONEOS_DEPLOYMENT_TARGET = 13.0;
				MTL_ENABLE_DEBUG_INFO = INCLUDE_SOURCE;
				MTL_FAST_MATH = YES;
				ONLY_ACTIVE_ARCH = YES;
				SDKROOT = iphoneos;
				SWIFT_ACTIVE_COMPILATION_CONDITIONS = DEBUG;
				SWIFT_OPTIMIZATION_LEVEL = "-Onone";
			};
			name = Debug;
		};
		2FF3895B29926BD70034729D /* Release */ = {
			isa = XCBuildConfiguration;
			buildSettings = {
				ALWAYS_SEARCH_USER_PATHS = NO;
				CLANG_ANALYZER_NONNULL = YES;
				CLANG_ANALYZER_NUMBER_OBJECT_CONVERSION = YES_AGGRESSIVE;
				CLANG_CXX_LANGUAGE_STANDARD = "gnu++20";
				CLANG_ENABLE_MODULES = YES;
				CLANG_ENABLE_OBJC_ARC = YES;
				CLANG_ENABLE_OBJC_WEAK = YES;
				CLANG_WARN_BLOCK_CAPTURE_AUTORELEASING = YES;
				CLANG_WARN_BOOL_CONVERSION = YES;
				CLANG_WARN_COMMA = YES;
				CLANG_WARN_CONSTANT_CONVERSION = YES;
				CLANG_WARN_DEPRECATED_OBJC_IMPLEMENTATIONS = YES;
				CLANG_WARN_DIRECT_OBJC_ISA_USAGE = YES_ERROR;
				CLANG_WARN_DOCUMENTATION_COMMENTS = YES;
				CLANG_WARN_EMPTY_BODY = YES;
				CLANG_WARN_ENUM_CONVERSION = YES;
				CLANG_WARN_INFINITE_RECURSION = YES;
				CLANG_WARN_INT_CONVERSION = YES;
				CLANG_WARN_NON_LITERAL_NULL_CONVERSION = YES;
				CLANG_WARN_OBJC_IMPLICIT_RETAIN_SELF = YES;
				CLANG_WARN_OBJC_LITERAL_CONVERSION = YES;
				CLANG_WARN_OBJC_ROOT_CLASS = YES_ERROR;
				CLANG_WARN_QUOTED_INCLUDE_IN_FRAMEWORK_HEADER = YES;
				CLANG_WARN_RANGE_LOOP_ANALYSIS = YES;
				CLANG_WARN_STRICT_PROTOTYPES = YES;
				CLANG_WARN_SUSPICIOUS_MOVE = YES;
				CLANG_WARN_UNGUARDED_AVAILABILITY = YES_AGGRESSIVE;
				CLANG_WARN_UNREACHABLE_CODE = YES;
				CLANG_WARN__DUPLICATE_METHOD_MATCH = YES;
				COPY_PHASE_STRIP = NO;
				DEBUG_INFORMATION_FORMAT = "dwarf-with-dsym";
				ENABLE_NS_ASSERTIONS = NO;
				ENABLE_STRICT_OBJC_MSGSEND = YES;
				GCC_C_LANGUAGE_STANDARD = gnu11;
				GCC_NO_COMMON_BLOCKS = YES;
				GCC_WARN_64_TO_32_BIT_CONVERSION = YES;
				GCC_WARN_ABOUT_RETURN_TYPE = YES_ERROR;
				GCC_WARN_UNDECLARED_SELECTOR = YES;
				GCC_WARN_UNINITIALIZED_AUTOS = YES_AGGRESSIVE;
				GCC_WARN_UNUSED_FUNCTION = YES;
				GCC_WARN_UNUSED_VARIABLE = YES;
				IPHONEOS_DEPLOYMENT_TARGET = 13.0;
				MTL_ENABLE_DEBUG_INFO = NO;
				MTL_FAST_MATH = YES;
				SDKROOT = iphoneos;
				SWIFT_COMPILATION_MODE = wholemodule;
				SWIFT_OPTIMIZATION_LEVEL = "-O";
				VALIDATE_PRODUCT = YES;
			};
			name = Release;
		};
		2FF3895D29926BD70034729D /* Debug */ = {
			isa = XCBuildConfiguration;
			buildSettings = {
				ASSETCATALOG_COMPILER_APPICON_NAME = AppIcon;
				ASSETCATALOG_COMPILER_GLOBAL_ACCENT_COLOR_NAME = AccentColor;
				CODE_SIGN_STYLE = Automatic;
				CURRENT_PROJECT_VERSION = 1;
				DEVELOPMENT_TEAM = 6B2F2JB38S;
				GENERATE_INFOPLIST_FILE = YES;
				INFOPLIST_FILE = ProgresSing/Info.plist;
				INFOPLIST_KEY_NSMicrophoneUsageDescription = "사용자의 음성 인식을 위한 마이크 사용 권한이 필요합니다.";
				INFOPLIST_KEY_UIApplicationSupportsIndirectInputEvents = YES;
				INFOPLIST_KEY_UILaunchStoryboardName = LaunchScreen;
				INFOPLIST_KEY_UIMainStoryboardFile = MainStoryboard;
				INFOPLIST_KEY_UIStatusBarStyle = UIStatusBarStyleDarkContent;
				INFOPLIST_KEY_UISupportedInterfaceOrientations = UIInterfaceOrientationPortrait;
				INFOPLIST_KEY_UISupportedInterfaceOrientations_iPad = "UIInterfaceOrientationLandscapeLeft UIInterfaceOrientationLandscapeRight UIInterfaceOrientationPortrait";
				INFOPLIST_KEY_UIUserInterfaceStyle = Dark;
				LD_RUNPATH_SEARCH_PATHS = (
					"$(inherited)",
					"@executable_path/Frameworks",
				);
				MARKETING_VERSION = 1.0;
				PRODUCT_BUNDLE_IDENTIFIER = KyoungminNam.ProgresSing;
				PRODUCT_NAME = "$(TARGET_NAME)";
				SUPPORTED_PLATFORMS = "iphoneos iphonesimulator";
				SUPPORTS_MACCATALYST = NO;
				SUPPORTS_MAC_DESIGNED_FOR_IPHONE_IPAD = NO;
				SWIFT_EMIT_LOC_STRINGS = YES;
				SWIFT_VERSION = 5.0;
				TARGETED_DEVICE_FAMILY = 1;
			};
			name = Debug;
		};
		2FF3895E29926BD70034729D /* Release */ = {
			isa = XCBuildConfiguration;
			buildSettings = {
				ASSETCATALOG_COMPILER_APPICON_NAME = AppIcon;
				ASSETCATALOG_COMPILER_GLOBAL_ACCENT_COLOR_NAME = AccentColor;
				CODE_SIGN_STYLE = Automatic;
				CURRENT_PROJECT_VERSION = 1;
				DEVELOPMENT_TEAM = 6B2F2JB38S;
				GENERATE_INFOPLIST_FILE = YES;
				INFOPLIST_FILE = ProgresSing/Info.plist;
				INFOPLIST_KEY_NSMicrophoneUsageDescription = "사용자의 음성 인식을 위한 마이크 사용 권한이 필요합니다.";
				INFOPLIST_KEY_UIApplicationSupportsIndirectInputEvents = YES;
				INFOPLIST_KEY_UILaunchStoryboardName = LaunchScreen;
				INFOPLIST_KEY_UIMainStoryboardFile = MainStoryboard;
				INFOPLIST_KEY_UIStatusBarStyle = UIStatusBarStyleDarkContent;
				INFOPLIST_KEY_UISupportedInterfaceOrientations = UIInterfaceOrientationPortrait;
				INFOPLIST_KEY_UISupportedInterfaceOrientations_iPad = "UIInterfaceOrientationLandscapeLeft UIInterfaceOrientationLandscapeRight UIInterfaceOrientationPortrait";
				INFOPLIST_KEY_UIUserInterfaceStyle = Dark;
				LD_RUNPATH_SEARCH_PATHS = (
					"$(inherited)",
					"@executable_path/Frameworks",
				);
				MARKETING_VERSION = 1.0;
				PRODUCT_BUNDLE_IDENTIFIER = KyoungminNam.ProgresSing;
				PRODUCT_NAME = "$(TARGET_NAME)";
				SUPPORTED_PLATFORMS = "iphoneos iphonesimulator";
				SUPPORTS_MACCATALYST = NO;
				SUPPORTS_MAC_DESIGNED_FOR_IPHONE_IPAD = NO;
				SWIFT_EMIT_LOC_STRINGS = YES;
				SWIFT_VERSION = 5.0;
				TARGETED_DEVICE_FAMILY = 1;
			};
			name = Release;
		};
/* End XCBuildConfiguration section */

/* Begin XCConfigurationList section */
		2FF3894329926BD50034729D /* Build configuration list for PBXProject "ProgresSing" */ = {
			isa = XCConfigurationList;
			buildConfigurations = (
				2FF3895A29926BD70034729D /* Debug */,
				2FF3895B29926BD70034729D /* Release */,
			);
			defaultConfigurationIsVisible = 0;
			defaultConfigurationName = Release;
		};
		2FF3895C29926BD70034729D /* Build configuration list for PBXNativeTarget "ProgresSing" */ = {
			isa = XCConfigurationList;
			buildConfigurations = (
				2FF3895D29926BD70034729D /* Debug */,
				2FF3895E29926BD70034729D /* Release */,
			);
			defaultConfigurationIsVisible = 0;
			defaultConfigurationName = Release;
		};
/* End XCConfigurationList section */
	};
	rootObject = 2FF3894029926BD50034729D /* Project object */;
}
